
Microsoft Visual Studio Solution File, Format Version 12.00
# Visual Studio Version 17
VisualStudioVersion = 17.7.34031.279
MinimumVisualStudioVersion = 10.0.40219.1
Project("{FAE04EC0-301F-11D3-BF4B-00C04F79EFBC}") = "FlyweightImplementation", "FlyweightImplementation.csproj", "{D3CCBEE8-8EA6-427E-A9A4-11502D232FD0}"
EndProject
Global
	GlobalSection(SolutionConfigurationPlatforms) = preSolution
		Debug|Any CPU = Debug|Any CPU
		Release|Any CPU = Release|Any CPU
	EndGlobalSection
	GlobalSection(ProjectConfigurationPlatforms) = postSolution
		{D3CCBEE8-8EA6-427E-A9A4-11502D232FD0}.Debug|Any CPU.ActiveCfg = Debug|Any CPU
		{D3CCBEE8-8EA6-427E-A9A4-11502D232FD0}.Debug|Any CPU.Build.0 = Debug|Any CPU
		{D3CCBEE8-8EA6-427E-A9A4-11502D232FD0}.Release|Any CPU.ActiveCfg = Release|Any CPU
		{D3CCBEE8-8EA6-427E-A9A4-11502D232FD0}.Release|Any CPU.Build.0 = Release|Any CPU
	EndGlobalSection
	GlobalSection(SolutionProperties) = preSolution
		HideSolutionNode = FALSE
	EndGlobalSection
	GlobalSection(ExtensibilityGlobals) = postSolution
		SolutionGuid = {2FD9B70C-67EE-4858-B121-2044F10320F9}
	EndGlobalSection
EndGlobal
